
Microsoft Visual Studio Solution File, Format Version 12.00
# Visual Studio Version 16
VisualStudioVersion = 16.0.29709.97
MinimumVisualStudioVersion = 10.0.40219.1
Project("{FAE04EC0-301F-11D3-BF4B-00C04F79EFBC}") = "RabbitMQ.Consumer", "RabbitMQ.Consumer.csproj", "{0143AA8A-87A5-4F24-8EA6-A764B2939B9C}"
EndProject
Global
	GlobalSection(SolutionConfigurationPlatforms) = preSolution
		Debug|Any CPU = Debug|Any CPU
		Release|Any CPU = Release|Any CPU
	EndGlobalSection
	GlobalSection(ProjectConfigurationPlatforms) = postSolution
		{0143AA8A-87A5-4F24-8EA6-A764B2939B9C}.Debug|Any CPU.ActiveCfg = Debug|Any CPU
		{0143AA8A-87A5-4F24-8EA6-A764B2939B9C}.Debug|Any CPU.Build.0 = Debug|Any CPU
		{0143AA8A-87A5-4F24-8EA6-A764B2939B9C}.Release|Any CPU.ActiveCfg = Release|Any CPU
		{0143AA8A-87A5-4F24-8EA6-A764B2939B9C}.Release|Any CPU.Build.0 = Release|Any CPU
	EndGlobalSection
	GlobalSection(SolutionProperties) = preSolution
		HideSolutionNode = FALSE
	EndGlobalSection
	GlobalSection(ExtensibilityGlobals) = postSolution
		SolutionGuid = {82B053A0-89CB-416A-8145-5BB52CF8DF44}
	EndGlobalSection
EndGlobal
